
Microsoft Visual Studio Solution File, Format Version 12.00
# Visual Studio Version 16
VisualStudioVersion = 16.0.30114.105
MinimumVisualStudioVersion = 10.0.40219.1
Project("{9A19103F-16F7-4668-BE54-9A1E7A4F7556}") = "CoronaTest.Tests", "CoronaTest.Tests\CoronaTest.Tests.csproj", "{43E80330-B560-4199-B264-EFD1E8E0FB45}"
EndProject
Project("{9A19103F-16F7-4668-BE54-9A1E7A4F7556}") = "CoronaTest.Web", "CoronaTest.Web\CoronaTest.Web.csproj", "{A86F15ED-CC41-4851-8717-F1A89F7A79F5}"
EndProject
Global
	GlobalSection(SolutionConfigurationPlatforms) = preSolution
		Debug|Any CPU = Debug|Any CPU
		Debug|x64 = Debug|x64
		Debug|x86 = Debug|x86
		Release|Any CPU = Release|Any CPU
		Release|x64 = Release|x64
		Release|x86 = Release|x86
	EndGlobalSection
	GlobalSection(ProjectConfigurationPlatforms) = postSolution
		{43E80330-B560-4199-B264-EFD1E8E0FB45}.Debug|Any CPU.ActiveCfg = Debug|Any CPU
		{43E80330-B560-4199-B264-EFD1E8E0FB45}.Debug|Any CPU.Build.0 = Debug|Any CPU
		{43E80330-B560-4199-B264-EFD1E8E0FB45}.Debug|x64.ActiveCfg = Debug|Any CPU
		{43E80330-B560-4199-B264-EFD1E8E0FB45}.Debug|x64.Build.0 = Debug|Any CPU
		{43E80330-B560-4199-B264-EFD1E8E0FB45}.Debug|x86.ActiveCfg = Debug|Any CPU
		{43E80330-B560-4199-B264-EFD1E8E0FB45}.Debug|x86.Build.0 = Debug|Any CPU
		{43E80330-B560-4199-B264-EFD1E8E0FB45}.Release|Any CPU.ActiveCfg = Release|Any CPU
		{43E80330-B560-4199-B264-EFD1E8E0FB45}.Release|Any CPU.Build.0 = Release|Any CPU
		{43E80330-B560-4199-B264-EFD1E8E0FB45}.Release|x64.ActiveCfg = Release|Any CPU
		{43E80330-B560-4199-B264-EFD1E8E0FB45}.Release|x64.Build.0 = Release|Any CPU
		{43E80330-B560-4199-B264-EFD1E8E0FB45}.Release|x86.ActiveCfg = Release|Any CPU
		{43E80330-B560-4199-B264-EFD1E8E0FB45}.Release|x86.Build.0 = Release|Any CPU
		{A86F15ED-CC41-4851-8717-F1A89F7A79F5}.Debug|Any CPU.ActiveCfg = Debug|Any CPU
		{A86F15ED-CC41-4851-8717-F1A89F7A79F5}.Debug|Any CPU.Build.0 = Debug|Any CPU
		{A86F15ED-CC41-4851-8717-F1A89F7A79F5}.Debug|x64.ActiveCfg = Debug|Any CPU
		{A86F15ED-CC41-4851-8717-F1A89F7A79F5}.Debug|x64.Build.0 = Debug|Any CPU
		{A86F15ED-CC41-4851-8717-F1A89F7A79F5}.Debug|x86.ActiveCfg = Debug|Any CPU
		{A86F15ED-CC41-4851-8717-F1A89F7A79F5}.Debug|x86.Build.0 = Debug|Any CPU
		{A86F15ED-CC41-4851-8717-F1A89F7A79F5}.Release|Any CPU.ActiveCfg = Release|Any CPU
		{A86F15ED-CC41-4851-8717-F1A89F7A79F5}.Release|Any CPU.Build.0 = Release|Any CPU
		{A86F15ED-CC41-4851-8717-F1A89F7A79F5}.Release|x64.ActiveCfg = Release|Any CPU
		{A86F15ED-CC41-4851-8717-F1A89F7A79F5}.Release|x64.Build.0 = Release|Any CPU
		{A86F15ED-CC41-4851-8717-F1A89F7A79F5}.Release|x86.ActiveCfg = Release|Any CPU
		{A86F15ED-CC41-4851-8717-F1A89F7A79F5}.Release|x86.Build.0 = Release|Any CPU
		{9ABA45F9-A601-4FBD-B031-33A623206CBF}.Debug|Any CPU.ActiveCfg = Debug|Any CPU
		{9ABA45F9-A601-4FBD-B031-33A623206CBF}.Debug|Any CPU.Build.0 = Debug|Any CPU
		{9ABA45F9-A601-4FBD-B031-33A623206CBF}.Debug|x64.ActiveCfg = Debug|Any CPU
		{9ABA45F9-A601-4FBD-B031-33A623206CBF}.Debug|x64.Build.0 = Debug|Any CPU
		{9ABA45F9-A601-4FBD-B031-33A623206CBF}.Debug|x86.ActiveCfg = Debug|Any CPU
		{9ABA45F9-A601-4FBD-B031-33A623206CBF}.Debug|x86.Build.0 = Debug|Any CPU
		{9ABA45F9-A601-4FBD-B031-33A623206CBF}.Release|Any CPU.ActiveCfg = Release|Any CPU
		{9ABA45F9-A601-4FBD-B031-33A623206CBF}.Release|Any CPU.Build.0 = Release|Any CPU
		{9ABA45F9-A601-4FBD-B031-33A623206CBF}.Release|x64.ActiveCfg = Release|Any CPU
		{9ABA45F9-A601-4FBD-B031-33A623206CBF}.Release|x64.Build.0 = Release|Any CPU
		{9ABA45F9-A601-4FBD-B031-33A623206CBF}.Release|x86.ActiveCfg = Release|Any CPU
		{9ABA45F9-A601-4FBD-B031-33A623206CBF}.Release|x86.Build.0 = Release|Any CPU
		{462B7732-653F-41BC-97C8-B8B79FFAD47A}.Debug|Any CPU.ActiveCfg = Debug|Any CPU
		{462B7732-653F-41BC-97C8-B8B79FFAD47A}.Debug|Any CPU.Build.0 = Debug|Any CPU
		{462B7732-653F-41BC-97C8-B8B79FFAD47A}.Debug|x64.ActiveCfg = Debug|Any CPU
		{462B7732-653F-41BC-97C8-B8B79FFAD47A}.Debug|x64.Build.0 = Debug|Any CPU
		{462B7732-653F-41BC-97C8-B8B79FFAD47A}.Debug|x86.ActiveCfg = Debug|Any CPU
		{462B7732-653F-41BC-97C8-B8B79FFAD47A}.Debug|x86.Build.0 = Debug|Any CPU
		{462B7732-653F-41BC-97C8-B8B79FFAD47A}.Release|Any CPU.ActiveCfg = Release|Any CPU
		{462B7732-653F-41BC-97C8-B8B79FFAD47A}.Release|Any CPU.Build.0 = Release|Any CPU
		{462B7732-653F-41BC-97C8-B8B79FFAD47A}.Release|x64.ActiveCfg = Release|Any CPU
		{462B7732-653F-41BC-97C8-B8B79FFAD47A}.Release|x64.Build.0 = Release|Any CPU
		{462B7732-653F-41BC-97C8-B8B79FFAD47A}.Release|x86.ActiveCfg = Release|Any CPU
		{462B7732-653F-41BC-97C8-B8B79FFAD47A}.Release|x86.Build.0 = Release|Any CPU
	EndGlobalSection
	GlobalSection(SolutionProperties) = preSolution
		HideSolutionNode = FALSE
	EndGlobalSection
	GlobalSection(ExtensibilityGlobals) = postSolution
		SolutionGuid = {9AF57364-192F-40BF-879D-C2147BDC2E48}
	EndGlobalSection
EndGlobal
